
Microsoft Visual Studio Solution File, Format Version 12.00
# Visual Studio 15
VisualStudioVersion = 15.0.27428.2037
MinimumVisualStudioVersion = 10.0.40219.1
Project("{FAE04EC0-301F-11D3-BF4B-00C04F79EFBC}") = "WebApplication1", "WebApplication1\WebApplication1.csproj", "{BD09E75E-2449-47FF-AAF9-469AE003ADBA}"
EndProject
Global
	GlobalSection(SolutionConfigurationPlatforms) = preSolution
		Debug|Any CPU = Debug|Any CPU
		Release|Any CPU = Release|Any CPU
	EndGlobalSection
	GlobalSection(ProjectConfigurationPlatforms) = postSolution
		{BD09E75E-2449-47FF-AAF9-469AE003ADBA}.Debug|Any CPU.ActiveCfg = Debug|Any CPU
		{BD09E75E-2449-47FF-AAF9-469AE003ADBA}.Debug|Any CPU.Build.0 = Debug|Any CPU
		{BD09E75E-2449-47FF-AAF9-469AE003ADBA}.Release|Any CPU.ActiveCfg = Release|Any CPU
		{BD09E75E-2449-47FF-AAF9-469AE003ADBA}.Release|Any CPU.Build.0 = Release|Any CPU
	EndGlobalSection
	GlobalSection(SolutionProperties) = preSolution
		HideSolutionNode = FALSE
	EndGlobalSection
	GlobalSection(ExtensibilityGlobals) = postSolution
		SolutionGuid = {53773674-5698-4036-9361-4CCA361294C0}
	EndGlobalSection
EndGlobal
